lockfileVersion: 5.3

specifiers:
  '@figma/plugin-typings': ^1.41.1

dependencies:
  '@figma/plugin-typings': registry.npmmirror.com/@figma/plugin-typings/1.41.1

packages:

  registry.npmmirror.com/@figma/plugin-typings/1.41.1:
    resolution: {integrity: sha512-Cw8iTllj7Lv8cZIQ9zz82SbV3jqqXjTxiziyRP+/FiO+IphF0fGFgbzITE5bSYcn/T/wkkWn9hydJKU57eD51g==, registry: http://registry.npm.taobao.org/, tarball: https://registry.npmmirror.com/@figma/plugin-typings/download/@figma/plugin-typings-1.41.1.tgz}
    name: '@figma/plugin-typings'
    version: 1.41.1
    dev: false
